
Microsoft Visual Studio Solution File, Format Version 12.00
# Visual Studio Version 16
VisualStudioVersion = 16.0.30907.101
MinimumVisualStudioVersion = 10.0.40219.1
Project("{9A19103F-16F7-4668-BE54-9A1E7A4F7556}") = "ContentstackApp", "ContentstackApp\ContentstackApp.csproj", "{764A254F-E240-42C9-99B7-11CC53ED7DEA}"
EndProject
Global
	GlobalSection(SolutionConfigurationPlatforms) = preSolution
		Debug|Any CPU = Debug|Any CPU
		Release|Any CPU = Release|Any CPU
	EndGlobalSection
	GlobalSection(ProjectConfigurationPlatforms) = postSolution
		{764A254F-E240-42C9-99B7-11CC53ED7DEA}.Debug|Any CPU.ActiveCfg = Debug|Any CPU
		{764A254F-E240-42C9-99B7-11CC53ED7DEA}.Debug|Any CPU.Build.0 = Debug|Any CPU
		{764A254F-E240-42C9-99B7-11CC53ED7DEA}.Release|Any CPU.ActiveCfg = Release|Any CPU
		{764A254F-E240-42C9-99B7-11CC53ED7DEA}.Release|Any CPU.Build.0 = Release|Any CPU
	EndGlobalSection
	GlobalSection(SolutionProperties) = preSolution
		HideSolutionNode = FALSE
	EndGlobalSection
	GlobalSection(ExtensibilityGlobals) = postSolution
		SolutionGuid = {46368DC1-8060-47F3-8454-EFBE9BDDF55D}
	EndGlobalSection
EndGlobal
